
Microsoft Visual Studio Solution File, Format Version 12.00
# Visual Studio 15
VisualStudioVersion = 15.0.27703.2018
MinimumVisualStudioVersion = 10.0.40219.1
Project("{FAE04EC0-301F-11D3-BF4B-00C04F79EFBC}") = "TrashcollectorProject", "TrashcollectorProject\TrashcollectorProject.csproj", "{4227FAC7-ECBA-46A4-96D6-8219F53AFA3D}"
EndProject
Project("{FAE04EC0-301F-11D3-BF4B-00C04F79EFBC}") = "TrashcollectorProject.Tests", "TrashcollectorProject.Tests\TrashcollectorProject.Tests.csproj", "{BD786D6B-7D79-4711-A018-D5D47C5510E3}"
EndProject
Global
	GlobalSection(SolutionConfigurationPlatforms) = preSolution
		Debug|Any CPU = Debug|Any CPU
		Release|Any CPU = Release|Any CPU
	EndGlobalSection
	GlobalSection(ProjectConfigurationPlatforms) = postSolution
		{4227FAC7-ECBA-46A4-96D6-8219F53AFA3D}.Debug|Any CPU.ActiveCfg = Debug|Any CPU
		{4227FAC7-ECBA-46A4-96D6-8219F53AFA3D}.Debug|Any CPU.Build.0 = Debug|Any CPU
		{4227FAC7-ECBA-46A4-96D6-8219F53AFA3D}.Release|Any CPU.ActiveCfg = Release|Any CPU
		{4227FAC7-ECBA-46A4-96D6-8219F53AFA3D}.Release|Any CPU.Build.0 = Release|Any CPU
		{BD786D6B-7D79-4711-A018-D5D47C5510E3}.Debug|Any CPU.ActiveCfg = Debug|Any CPU
		{BD786D6B-7D79-4711-A018-D5D47C5510E3}.Debug|Any CPU.Build.0 = Debug|Any CPU
		{BD786D6B-7D79-4711-A018-D5D47C5510E3}.Release|Any CPU.ActiveCfg = Release|Any CPU
		{BD786D6B-7D79-4711-A018-D5D47C5510E3}.Release|Any CPU.Build.0 = Release|Any CPU
	EndGlobalSection
	GlobalSection(SolutionProperties) = preSolution
		HideSolutionNode = FALSE
	EndGlobalSection
	GlobalSection(ExtensibilityGlobals) = postSolution
		SolutionGuid = {6F728548-A5D7-4943-B262-64BABA0C90A4}
	EndGlobalSection
EndGlobal
